
Microsoft Visual Studio Solution File, Format Version 12.00
# Visual Studio 2013
VisualStudioVersion = 12.0.40629.0
MinimumVisualStudioVersion = 10.0.40219.1
Project("{FAE04EC0-301F-11D3-BF4B-00C04F79EFBC}") = "Loja", "Loja\Loja.csproj", "{FBFB274D-2DD2-453F-BED3-E7088342DB4B}"
EndProject
Project("{FAE04EC0-301F-11D3-BF4B-00C04F79EFBC}") = "Loja.DAL", "Loja.DAL\Loja.DAL.csproj", "{0F303746-6EDE-41FF-891F-2D91483A9050}"
EndProject
Project("{2150E333-8FDC-42A3-9474-1A3956D46DE8}") = "NFCE", "NFCE", "{C05A2ED9-FFF2-42EF-BCA6-A8E5BEC16B6E}"
EndProject
Project("{FAE04EC0-301F-11D3-BF4B-00C04F79EFBC}") = "NFe.Classes", "NFCE\NFe.Classes\NFe.Classes.csproj", "{29CA1DA2-440D-484B-951A-CF1B2EB27984}"
EndProject
Project("{FAE04EC0-301F-11D3-BF4B-00C04F79EFBC}") = "NFe.Servicos", "NFCE\NFe.Servicos\NFe.Servicos.csproj", "{CCFDB136-3EE3-4AED-AA69-26ABBCB553C6}"
EndProject
Project("{FAE04EC0-301F-11D3-BF4B-00C04F79EFBC}") = "NFe.Utils", "NFCE\NFe.Utils\NFe.Utils.csproj", "{E35E7C4A-5690-4979-8B43-002975B48EAA}"
EndProject
Project("{FAE04EC0-301F-11D3-BF4B-00C04F79EFBC}") = "NFe.Wsdl", "NFCE\NFe.Wsdl\NFe.Wsdl.csproj", "{23BA5FA7-8BD6-4AE1-9895-54F119DD15FA}"
EndProject
Project("{FAE04EC0-301F-11D3-BF4B-00C04F79EFBC}") = "NFe.Danfe.Base", "NFCE\NFe.Danfe.Base\NFe.Danfe.Base.csproj", "{80C6093C-47D5-41A1-9FA0-E218E82FA666}"
EndProject
Project("{FAE04EC0-301F-11D3-BF4B-00C04F79EFBC}") = "NFe.Danfe.Nativo", "NFCE\NFe.Danfe.Nativo\NFe.Danfe.Nativo.csproj", "{BA27D218-484B-4F08-BAB9-38C02181BDED}"
EndProject
Project("{FAE04EC0-301F-11D3-BF4B-00C04F79EFBC}") = "DFe.Classes", "NFCE\DFe.Classes\DFe.Classes.csproj", "{9984EC15-18E1-4A87-B4DB-18AC913DC4E8}"
EndProject
Project("{FAE04EC0-301F-11D3-BF4B-00C04F79EFBC}") = "DFe.Utils", "NFCE\DFe.Utils\DFe.Utils.csproj", "{B4E1A7A6-5D66-4326-8A8D-39338E6FC84C}"
EndProject
Project("{FAE04EC0-301F-11D3-BF4B-00C04F79EFBC}") = "GraphicsPrinter", "NFCE\GraphicsPrinter\GraphicsPrinter.csproj", "{3067EFCC-91DE-48EA-8F7E-E0D95216C6DC}"
EndProject
Global
	GlobalSection(SolutionConfigurationPlatforms) = preSolution
		Debug|Any CPU = Debug|Any CPU
		Release|Any CPU = Release|Any CPU
	EndGlobalSection
	GlobalSection(ProjectConfigurationPlatforms) = postSolution
		{FBFB274D-2DD2-453F-BED3-E7088342DB4B}.Debug|Any CPU.ActiveCfg = Debug|Any CPU
		{FBFB274D-2DD2-453F-BED3-E7088342DB4B}.Debug|Any CPU.Build.0 = Debug|Any CPU
		{FBFB274D-2DD2-453F-BED3-E7088342DB4B}.Release|Any CPU.ActiveCfg = Release|Any CPU
		{FBFB274D-2DD2-453F-BED3-E7088342DB4B}.Release|Any CPU.Build.0 = Release|Any CPU
		{0F303746-6EDE-41FF-891F-2D91483A9050}.Debug|Any CPU.ActiveCfg = Debug|Any CPU
		{0F303746-6EDE-41FF-891F-2D91483A9050}.Debug|Any CPU.Build.0 = Debug|Any CPU
		{0F303746-6EDE-41FF-891F-2D91483A9050}.Release|Any CPU.ActiveCfg = Release|Any CPU
		{0F303746-6EDE-41FF-891F-2D91483A9050}.Release|Any CPU.Build.0 = Release|Any CPU
		{29CA1DA2-440D-484B-951A-CF1B2EB27984}.Debug|Any CPU.ActiveCfg = Debug|Any CPU
		{29CA1DA2-440D-484B-951A-CF1B2EB27984}.Debug|Any CPU.Build.0 = Debug|Any CPU
		{29CA1DA2-440D-484B-951A-CF1B2EB27984}.Release|Any CPU.ActiveCfg = Release|Any CPU
		{29CA1DA2-440D-484B-951A-CF1B2EB27984}.Release|Any CPU.Build.0 = Release|Any CPU
		{CCFDB136-3EE3-4AED-AA69-26ABBCB553C6}.Debug|Any CPU.ActiveCfg = Debug|Any CPU
		{CCFDB136-3EE3-4AED-AA69-26ABBCB553C6}.Debug|Any CPU.Build.0 = Debug|Any CPU
		{CCFDB136-3EE3-4AED-AA69-26ABBCB553C6}.Release|Any CPU.ActiveCfg = Release|Any CPU
		{CCFDB136-3EE3-4AED-AA69-26ABBCB553C6}.Release|Any CPU.Build.0 = Release|Any CPU
		{E35E7C4A-5690-4979-8B43-002975B48EAA}.Debug|Any CPU.ActiveCfg = Debug|Any CPU
		{E35E7C4A-5690-4979-8B43-002975B48EAA}.Debug|Any CPU.Build.0 = Debug|Any CPU
		{E35E7C4A-5690-4979-8B43-002975B48EAA}.Release|Any CPU.ActiveCfg = Release|Any CPU
		{E35E7C4A-5690-4979-8B43-002975B48EAA}.Release|Any CPU.Build.0 = Release|Any CPU
		{23BA5FA7-8BD6-4AE1-9895-54F119DD15FA}.Debug|Any CPU.ActiveCfg = Debug|Any CPU
		{23BA5FA7-8BD6-4AE1-9895-54F119DD15FA}.Debug|Any CPU.Build.0 = Debug|Any CPU
		{23BA5FA7-8BD6-4AE1-9895-54F119DD15FA}.Release|Any CPU.ActiveCfg = Release|Any CPU
		{23BA5FA7-8BD6-4AE1-9895-54F119DD15FA}.Release|Any CPU.Build.0 = Release|Any CPU
		{80C6093C-47D5-41A1-9FA0-E218E82FA666}.Debug|Any CPU.ActiveCfg = Debug|Any CPU
		{80C6093C-47D5-41A1-9FA0-E218E82FA666}.Debug|Any CPU.Build.0 = Debug|Any CPU
		{80C6093C-47D5-41A1-9FA0-E218E82FA666}.Release|Any CPU.ActiveCfg = Release|Any CPU
		{80C6093C-47D5-41A1-9FA0-E218E82FA666}.Release|Any CPU.Build.0 = Release|Any CPU
		{BA27D218-484B-4F08-BAB9-38C02181BDED}.Debug|Any CPU.ActiveCfg = Debug|Any CPU
		{BA27D218-484B-4F08-BAB9-38C02181BDED}.Debug|Any CPU.Build.0 = Debug|Any CPU
		{BA27D218-484B-4F08-BAB9-38C02181BDED}.Release|Any CPU.ActiveCfg = Release|Any CPU
		{BA27D218-484B-4F08-BAB9-38C02181BDED}.Release|Any CPU.Build.0 = Release|Any CPU
		{9984EC15-18E1-4A87-B4DB-18AC913DC4E8}.Debug|Any CPU.ActiveCfg = Debug|Any CPU
		{9984EC15-18E1-4A87-B4DB-18AC913DC4E8}.Debug|Any CPU.Build.0 = Debug|Any CPU
		{9984EC15-18E1-4A87-B4DB-18AC913DC4E8}.Release|Any CPU.ActiveCfg = Release|Any CPU
		{9984EC15-18E1-4A87-B4DB-18AC913DC4E8}.Release|Any CPU.Build.0 = Release|Any CPU
		{B4E1A7A6-5D66-4326-8A8D-39338E6FC84C}.Debug|Any CPU.ActiveCfg = Debug|Any CPU
		{B4E1A7A6-5D66-4326-8A8D-39338E6FC84C}.Debug|Any CPU.Build.0 = Debug|Any CPU
		{B4E1A7A6-5D66-4326-8A8D-39338E6FC84C}.Release|Any CPU.ActiveCfg = Release|Any CPU
		{B4E1A7A6-5D66-4326-8A8D-39338E6FC84C}.Release|Any CPU.Build.0 = Release|Any CPU
		{3067EFCC-91DE-48EA-8F7E-E0D95216C6DC}.Debug|Any CPU.ActiveCfg = Debug|Any CPU
		{3067EFCC-91DE-48EA-8F7E-E0D95216C6DC}.Debug|Any CPU.Build.0 = Debug|Any CPU
		{3067EFCC-91DE-48EA-8F7E-E0D95216C6DC}.Release|Any CPU.ActiveCfg = Release|Any CPU
		{3067EFCC-91DE-48EA-8F7E-E0D95216C6DC}.Release|Any CPU.Build.0 = Release|Any CPU
	EndGlobalSection
	GlobalSection(SolutionProperties) = preSolution
		HideSolutionNode = FALSE
	EndGlobalSection
	GlobalSection(NestedProjects) = preSolution
		{29CA1DA2-440D-484B-951A-CF1B2EB27984} = {C05A2ED9-FFF2-42EF-BCA6-A8E5BEC16B6E}
		{CCFDB136-3EE3-4AED-AA69-26ABBCB553C6} = {C05A2ED9-FFF2-42EF-BCA6-A8E5BEC16B6E}
		{E35E7C4A-5690-4979-8B43-002975B48EAA} = {C05A2ED9-FFF2-42EF-BCA6-A8E5BEC16B6E}
		{23BA5FA7-8BD6-4AE1-9895-54F119DD15FA} = {C05A2ED9-FFF2-42EF-BCA6-A8E5BEC16B6E}
		{80C6093C-47D5-41A1-9FA0-E218E82FA666} = {C05A2ED9-FFF2-42EF-BCA6-A8E5BEC16B6E}
		{BA27D218-484B-4F08-BAB9-38C02181BDED} = {C05A2ED9-FFF2-42EF-BCA6-A8E5BEC16B6E}
		{9984EC15-18E1-4A87-B4DB-18AC913DC4E8} = {C05A2ED9-FFF2-42EF-BCA6-A8E5BEC16B6E}
		{B4E1A7A6-5D66-4326-8A8D-39338E6FC84C} = {C05A2ED9-FFF2-42EF-BCA6-A8E5BEC16B6E}
		{3067EFCC-91DE-48EA-8F7E-E0D95216C6DC} = {C05A2ED9-FFF2-42EF-BCA6-A8E5BEC16B6E}
	EndGlobalSection
EndGlobal
