
Microsoft Visual Studio Solution File, Format Version 12.00
# Visual Studio Version 17
VisualStudioVersion = 17.3.32825.248
MinimumVisualStudioVersion = 10.0.40219.1
Project("{FAE04EC0-301F-11D3-BF4B-00C04F79EFBC}") = "Loja", "Loja\Loja.csproj", "{FBFB274D-2DD2-453F-BED3-E7088342DB4B}"
EndProject
Project("{FAE04EC0-301F-11D3-BF4B-00C04F79EFBC}") = "Loja.DAL", "Loja.DAL\Loja.DAL.csproj", "{0F303746-6EDE-41FF-891F-2D91483A9050}"
EndProject
Project("{2150E333-8FDC-42A3-9474-1A3956D46DE8}") = "NFCE", "NFCE", "{D9DFA490-6130-2AD2-A246-5E11713CDC7A}"
EndProject
Project("{FAE04EC0-301F-11D3-BF4B-00C04F79EFBC}") = "DFe.Classes", "NFCE\DFe.Classes\DFe.Classes.csproj", "{8C7D0E67-CF9E-4CA5-A0A2-529958869D09}"
EndProject
Project("{FAE04EC0-301F-11D3-BF4B-00C04F79EFBC}") = "DFe.Utils", "NFCE\DFe.Utils\DFe.Utils.csproj", "{93CDAD51-98E7-4F2B-AD51-DFC8AC3C4811}"
EndProject
Project("{FAE04EC0-301F-11D3-BF4B-00C04F79EFBC}") = "NFe.Classes", "NFCE\NFe.Classes\NFe.Classes.csproj", "{E054E08E-B6BB-4492-A300-35238D9497A7}"
EndProject
Project("{FAE04EC0-301F-11D3-BF4B-00C04F79EFBC}") = "NFe.Utils", "NFCE\NFe.Utils\NFe.Utils.csproj", "{27EBF4C6-06E8-45BA-A4A4-5007D0EF3867}"
EndProject
Project("{FAE04EC0-301F-11D3-BF4B-00C04F79EFBC}") = "NFe.Danfe.Base", "NFCE\NFe.Danfe.Base\NFe.Danfe.Base.csproj", "{DFC7EF38-A68A-403F-930B-5733658BB57B}"
EndProject
Project("{FAE04EC0-301F-11D3-BF4B-00C04F79EFBC}") = "GraphicsPrinter", "NFCE\GraphicsPrinter\GraphicsPrinter.csproj", "{EF7E76D4-130D-4B31-9467-67D490F3E13A}"
EndProject
Project("{FAE04EC0-301F-11D3-BF4B-00C04F79EFBC}") = "NFe.Danfe.Nativo", "NFCE\NFe.Danfe.Nativo\NFe.Danfe.Nativo.csproj", "{EFCBBA6E-6895-4DBC-B5C0-B75DCE178548}"
EndProject
Project("{2150E333-8FDC-42A3-9474-1A3956D46DE8}") = "Nfe.Impressao", "Nfe.Impressao", "{EA9BAA56-A66E-FC50-5F33-C4E0046498B0}"
EndProject
Project("{FAE04EC0-301F-11D3-BF4B-00C04F79EFBC}") = "NFe.Impressao", "NFCE\Nfe.Impressao\NFe.Impressao.csproj", "{54BC2198-BC34-40B9-8F48-82AC621084CB}"
EndProject
Project("{FAE04EC0-301F-11D3-BF4B-00C04F79EFBC}") = "NFe.Wsdl", "NFCE\NFe.Wsdl\NFe.Wsdl.csproj", "{ABCB6DA7-C256-42D2-A801-90C7A4A5601F}"
EndProject
Project("{FAE04EC0-301F-11D3-BF4B-00C04F79EFBC}") = "NFe.Servicos", "NFCE\NFe.Servicos\NFe.Servicos.csproj", "{BFC777A1-71B3-4857-AE75-C5A4187BCEA0}"
EndProject
Project("{FAE04EC0-301F-11D3-BF4B-00C04F79EFBC}") = "NFe.Testes", "NFCE\NFe.Testes\NFe.Testes.csproj", "{D3073498-FE6E-4B37-95F5-799A2DEB0F5A}"
EndProject
Global
	GlobalSection(SolutionConfigurationPlatforms) = preSolution
		Debug|Any CPU = Debug|Any CPU
		Debug|x64 = Debug|x64
		Debug|x86 = Debug|x86
		Release|Any CPU = Release|Any CPU
		Release|x64 = Release|x64
		Release|x86 = Release|x86
		ReleaseBug|Any CPU = ReleaseBug|Any CPU
		ReleaseBug|x64 = ReleaseBug|x64
		ReleaseBug|x86 = ReleaseBug|x86
	EndGlobalSection
	GlobalSection(ProjectConfigurationPlatforms) = postSolution
		{FBFB274D-2DD2-453F-BED3-E7088342DB4B}.Debug|Any CPU.ActiveCfg = Debug|Any CPU
		{FBFB274D-2DD2-453F-BED3-E7088342DB4B}.Debug|Any CPU.Build.0 = Debug|Any CPU
		{FBFB274D-2DD2-453F-BED3-E7088342DB4B}.Debug|x64.ActiveCfg = Debug|Any CPU
		{FBFB274D-2DD2-453F-BED3-E7088342DB4B}.Debug|x64.Build.0 = Debug|Any CPU
		{FBFB274D-2DD2-453F-BED3-E7088342DB4B}.Debug|x86.ActiveCfg = Debug|Any CPU
		{FBFB274D-2DD2-453F-BED3-E7088342DB4B}.Debug|x86.Build.0 = Debug|Any CPU
		{FBFB274D-2DD2-453F-BED3-E7088342DB4B}.Release|Any CPU.ActiveCfg = Release|Any CPU
		{FBFB274D-2DD2-453F-BED3-E7088342DB4B}.Release|Any CPU.Build.0 = Release|Any CPU
		{FBFB274D-2DD2-453F-BED3-E7088342DB4B}.Release|x64.ActiveCfg = Release|Any CPU
		{FBFB274D-2DD2-453F-BED3-E7088342DB4B}.Release|x64.Build.0 = Release|Any CPU
		{FBFB274D-2DD2-453F-BED3-E7088342DB4B}.Release|x86.ActiveCfg = Release|Any CPU
		{FBFB274D-2DD2-453F-BED3-E7088342DB4B}.Release|x86.Build.0 = Release|Any CPU
		{FBFB274D-2DD2-453F-BED3-E7088342DB4B}.ReleaseBug|Any CPU.ActiveCfg = ReleaseBug|Any CPU
		{FBFB274D-2DD2-453F-BED3-E7088342DB4B}.ReleaseBug|Any CPU.Build.0 = ReleaseBug|Any CPU
		{FBFB274D-2DD2-453F-BED3-E7088342DB4B}.ReleaseBug|x64.ActiveCfg = ReleaseBug|Any CPU
		{FBFB274D-2DD2-453F-BED3-E7088342DB4B}.ReleaseBug|x64.Build.0 = ReleaseBug|Any CPU
		{FBFB274D-2DD2-453F-BED3-E7088342DB4B}.ReleaseBug|x86.ActiveCfg = ReleaseBug|Any CPU
		{FBFB274D-2DD2-453F-BED3-E7088342DB4B}.ReleaseBug|x86.Build.0 = ReleaseBug|Any CPU
		{0F303746-6EDE-41FF-891F-2D91483A9050}.Debug|Any CPU.ActiveCfg = Debug|Any CPU
		{0F303746-6EDE-41FF-891F-2D91483A9050}.Debug|Any CPU.Build.0 = Debug|Any CPU
		{0F303746-6EDE-41FF-891F-2D91483A9050}.Debug|x64.ActiveCfg = Debug|Any CPU
		{0F303746-6EDE-41FF-891F-2D91483A9050}.Debug|x64.Build.0 = Debug|Any CPU
		{0F303746-6EDE-41FF-891F-2D91483A9050}.Debug|x86.ActiveCfg = Debug|Any CPU
		{0F303746-6EDE-41FF-891F-2D91483A9050}.Debug|x86.Build.0 = Debug|Any CPU
		{0F303746-6EDE-41FF-891F-2D91483A9050}.Release|Any CPU.ActiveCfg = Release|Any CPU
		{0F303746-6EDE-41FF-891F-2D91483A9050}.Release|Any CPU.Build.0 = Release|Any CPU
		{0F303746-6EDE-41FF-891F-2D91483A9050}.Release|x64.ActiveCfg = Release|Any CPU
		{0F303746-6EDE-41FF-891F-2D91483A9050}.Release|x64.Build.0 = Release|Any CPU
		{0F303746-6EDE-41FF-891F-2D91483A9050}.Release|x86.ActiveCfg = Release|Any CPU
		{0F303746-6EDE-41FF-891F-2D91483A9050}.Release|x86.Build.0 = Release|Any CPU
		{0F303746-6EDE-41FF-891F-2D91483A9050}.ReleaseBug|Any CPU.ActiveCfg = ReleaseBug|Any CPU
		{0F303746-6EDE-41FF-891F-2D91483A9050}.ReleaseBug|Any CPU.Build.0 = ReleaseBug|Any CPU
		{0F303746-6EDE-41FF-891F-2D91483A9050}.ReleaseBug|x64.ActiveCfg = ReleaseBug|Any CPU
		{0F303746-6EDE-41FF-891F-2D91483A9050}.ReleaseBug|x64.Build.0 = ReleaseBug|Any CPU
		{0F303746-6EDE-41FF-891F-2D91483A9050}.ReleaseBug|x86.ActiveCfg = ReleaseBug|Any CPU
		{0F303746-6EDE-41FF-891F-2D91483A9050}.ReleaseBug|x86.Build.0 = ReleaseBug|Any CPU
		{8C7D0E67-CF9E-4CA5-A0A2-529958869D09}.Debug|Any CPU.ActiveCfg = Debug|Any CPU
		{8C7D0E67-CF9E-4CA5-A0A2-529958869D09}.Debug|Any CPU.Build.0 = Debug|Any CPU
		{8C7D0E67-CF9E-4CA5-A0A2-529958869D09}.Debug|x64.ActiveCfg = Debug|Any CPU
		{8C7D0E67-CF9E-4CA5-A0A2-529958869D09}.Debug|x64.Build.0 = Debug|Any CPU
		{8C7D0E67-CF9E-4CA5-A0A2-529958869D09}.Debug|x86.ActiveCfg = Debug|Any CPU
		{8C7D0E67-CF9E-4CA5-A0A2-529958869D09}.Debug|x86.Build.0 = Debug|Any CPU
		{8C7D0E67-CF9E-4CA5-A0A2-529958869D09}.Release|Any CPU.ActiveCfg = Release|Any CPU
		{8C7D0E67-CF9E-4CA5-A0A2-529958869D09}.Release|Any CPU.Build.0 = Release|Any CPU
		{8C7D0E67-CF9E-4CA5-A0A2-529958869D09}.Release|x64.ActiveCfg = Release|Any CPU
		{8C7D0E67-CF9E-4CA5-A0A2-529958869D09}.Release|x64.Build.0 = Release|Any CPU
		{8C7D0E67-CF9E-4CA5-A0A2-529958869D09}.Release|x86.ActiveCfg = Release|Any CPU
		{8C7D0E67-CF9E-4CA5-A0A2-529958869D09}.Release|x86.Build.0 = Release|Any CPU
		{8C7D0E67-CF9E-4CA5-A0A2-529958869D09}.ReleaseBug|Any CPU.ActiveCfg = Debug|Any CPU
		{8C7D0E67-CF9E-4CA5-A0A2-529958869D09}.ReleaseBug|Any CPU.Build.0 = Debug|Any CPU
		{8C7D0E67-CF9E-4CA5-A0A2-529958869D09}.ReleaseBug|x64.ActiveCfg = Debug|Any CPU
		{8C7D0E67-CF9E-4CA5-A0A2-529958869D09}.ReleaseBug|x64.Build.0 = Debug|Any CPU
		{8C7D0E67-CF9E-4CA5-A0A2-529958869D09}.ReleaseBug|x86.ActiveCfg = Debug|Any CPU
		{8C7D0E67-CF9E-4CA5-A0A2-529958869D09}.ReleaseBug|x86.Build.0 = Debug|Any CPU
		{93CDAD51-98E7-4F2B-AD51-DFC8AC3C4811}.Debug|Any CPU.ActiveCfg = Debug|Any CPU
		{93CDAD51-98E7-4F2B-AD51-DFC8AC3C4811}.Debug|Any CPU.Build.0 = Debug|Any CPU
		{93CDAD51-98E7-4F2B-AD51-DFC8AC3C4811}.Debug|x64.ActiveCfg = Debug|Any CPU
		{93CDAD51-98E7-4F2B-AD51-DFC8AC3C4811}.Debug|x64.Build.0 = Debug|Any CPU
		{93CDAD51-98E7-4F2B-AD51-DFC8AC3C4811}.Debug|x86.ActiveCfg = Debug|Any CPU
		{93CDAD51-98E7-4F2B-AD51-DFC8AC3C4811}.Debug|x86.Build.0 = Debug|Any CPU
		{93CDAD51-98E7-4F2B-AD51-DFC8AC3C4811}.Release|Any CPU.ActiveCfg = Release|Any CPU
		{93CDAD51-98E7-4F2B-AD51-DFC8AC3C4811}.Release|Any CPU.Build.0 = Release|Any CPU
		{93CDAD51-98E7-4F2B-AD51-DFC8AC3C4811}.Release|x64.ActiveCfg = Release|Any CPU
		{93CDAD51-98E7-4F2B-AD51-DFC8AC3C4811}.Release|x64.Build.0 = Release|Any CPU
		{93CDAD51-98E7-4F2B-AD51-DFC8AC3C4811}.Release|x86.ActiveCfg = Release|Any CPU
		{93CDAD51-98E7-4F2B-AD51-DFC8AC3C4811}.Release|x86.Build.0 = Release|Any CPU
		{93CDAD51-98E7-4F2B-AD51-DFC8AC3C4811}.ReleaseBug|Any CPU.ActiveCfg = Debug|Any CPU
		{93CDAD51-98E7-4F2B-AD51-DFC8AC3C4811}.ReleaseBug|Any CPU.Build.0 = Debug|Any CPU
		{93CDAD51-98E7-4F2B-AD51-DFC8AC3C4811}.ReleaseBug|x64.ActiveCfg = Debug|Any CPU
		{93CDAD51-98E7-4F2B-AD51-DFC8AC3C4811}.ReleaseBug|x64.Build.0 = Debug|Any CPU
		{93CDAD51-98E7-4F2B-AD51-DFC8AC3C4811}.ReleaseBug|x86.ActiveCfg = Debug|Any CPU
		{93CDAD51-98E7-4F2B-AD51-DFC8AC3C4811}.ReleaseBug|x86.Build.0 = Debug|Any CPU
		{E054E08E-B6BB-4492-A300-35238D9497A7}.Debug|Any CPU.ActiveCfg = Debug|Any CPU
		{E054E08E-B6BB-4492-A300-35238D9497A7}.Debug|Any CPU.Build.0 = Debug|Any CPU
		{E054E08E-B6BB-4492-A300-35238D9497A7}.Debug|x64.ActiveCfg = Debug|Any CPU
		{E054E08E-B6BB-4492-A300-35238D9497A7}.Debug|x64.Build.0 = Debug|Any CPU
		{E054E08E-B6BB-4492-A300-35238D9497A7}.Debug|x86.ActiveCfg = Debug|Any CPU
		{E054E08E-B6BB-4492-A300-35238D9497A7}.Debug|x86.Build.0 = Debug|Any CPU
		{E054E08E-B6BB-4492-A300-35238D9497A7}.Release|Any CPU.ActiveCfg = Release|Any CPU
		{E054E08E-B6BB-4492-A300-35238D9497A7}.Release|Any CPU.Build.0 = Release|Any CPU
		{E054E08E-B6BB-4492-A300-35238D9497A7}.Release|x64.ActiveCfg = Release|Any CPU
		{E054E08E-B6BB-4492-A300-35238D9497A7}.Release|x64.Build.0 = Release|Any CPU
		{E054E08E-B6BB-4492-A300-35238D9497A7}.Release|x86.ActiveCfg = Release|Any CPU
		{E054E08E-B6BB-4492-A300-35238D9497A7}.Release|x86.Build.0 = Release|Any CPU
		{E054E08E-B6BB-4492-A300-35238D9497A7}.ReleaseBug|Any CPU.ActiveCfg = Debug|Any CPU
		{E054E08E-B6BB-4492-A300-35238D9497A7}.ReleaseBug|Any CPU.Build.0 = Debug|Any CPU
		{E054E08E-B6BB-4492-A300-35238D9497A7}.ReleaseBug|x64.ActiveCfg = Debug|Any CPU
		{E054E08E-B6BB-4492-A300-35238D9497A7}.ReleaseBug|x64.Build.0 = Debug|Any CPU
		{E054E08E-B6BB-4492-A300-35238D9497A7}.ReleaseBug|x86.ActiveCfg = Debug|Any CPU
		{E054E08E-B6BB-4492-A300-35238D9497A7}.ReleaseBug|x86.Build.0 = Debug|Any CPU
		{27EBF4C6-06E8-45BA-A4A4-5007D0EF3867}.Debug|Any CPU.ActiveCfg = Debug|Any CPU
		{27EBF4C6-06E8-45BA-A4A4-5007D0EF3867}.Debug|Any CPU.Build.0 = Debug|Any CPU
		{27EBF4C6-06E8-45BA-A4A4-5007D0EF3867}.Debug|x64.ActiveCfg = Debug|Any CPU
		{27EBF4C6-06E8-45BA-A4A4-5007D0EF3867}.Debug|x64.Build.0 = Debug|Any CPU
		{27EBF4C6-06E8-45BA-A4A4-5007D0EF3867}.Debug|x86.ActiveCfg = Debug|Any CPU
		{27EBF4C6-06E8-45BA-A4A4-5007D0EF3867}.Debug|x86.Build.0 = Debug|Any CPU
		{27EBF4C6-06E8-45BA-A4A4-5007D0EF3867}.Release|Any CPU.ActiveCfg = Release|Any CPU
		{27EBF4C6-06E8-45BA-A4A4-5007D0EF3867}.Release|Any CPU.Build.0 = Release|Any CPU
		{27EBF4C6-06E8-45BA-A4A4-5007D0EF3867}.Release|x64.ActiveCfg = Release|Any CPU
		{27EBF4C6-06E8-45BA-A4A4-5007D0EF3867}.Release|x64.Build.0 = Release|Any CPU
		{27EBF4C6-06E8-45BA-A4A4-5007D0EF3867}.Release|x86.ActiveCfg = Release|Any CPU
		{27EBF4C6-06E8-45BA-A4A4-5007D0EF3867}.Release|x86.Build.0 = Release|Any CPU
		{27EBF4C6-06E8-45BA-A4A4-5007D0EF3867}.ReleaseBug|Any CPU.ActiveCfg = Debug|Any CPU
		{27EBF4C6-06E8-45BA-A4A4-5007D0EF3867}.ReleaseBug|Any CPU.Build.0 = Debug|Any CPU
		{27EBF4C6-06E8-45BA-A4A4-5007D0EF3867}.ReleaseBug|x64.ActiveCfg = Debug|Any CPU
		{27EBF4C6-06E8-45BA-A4A4-5007D0EF3867}.ReleaseBug|x64.Build.0 = Debug|Any CPU
		{27EBF4C6-06E8-45BA-A4A4-5007D0EF3867}.ReleaseBug|x86.ActiveCfg = Debug|Any CPU
		{27EBF4C6-06E8-45BA-A4A4-5007D0EF3867}.ReleaseBug|x86.Build.0 = Debug|Any CPU
		{DFC7EF38-A68A-403F-930B-5733658BB57B}.Debug|Any CPU.ActiveCfg = Debug|Any CPU
		{DFC7EF38-A68A-403F-930B-5733658BB57B}.Debug|Any CPU.Build.0 = Debug|Any CPU
		{DFC7EF38-A68A-403F-930B-5733658BB57B}.Debug|x64.ActiveCfg = Debug|Any CPU
		{DFC7EF38-A68A-403F-930B-5733658BB57B}.Debug|x64.Build.0 = Debug|Any CPU
		{DFC7EF38-A68A-403F-930B-5733658BB57B}.Debug|x86.ActiveCfg = Debug|Any CPU
		{DFC7EF38-A68A-403F-930B-5733658BB57B}.Debug|x86.Build.0 = Debug|Any CPU
		{DFC7EF38-A68A-403F-930B-5733658BB57B}.Release|Any CPU.ActiveCfg = Release|Any CPU
		{DFC7EF38-A68A-403F-930B-5733658BB57B}.Release|Any CPU.Build.0 = Release|Any CPU
		{DFC7EF38-A68A-403F-930B-5733658BB57B}.Release|x64.ActiveCfg = Release|Any CPU
		{DFC7EF38-A68A-403F-930B-5733658BB57B}.Release|x64.Build.0 = Release|Any CPU
		{DFC7EF38-A68A-403F-930B-5733658BB57B}.Release|x86.ActiveCfg = Release|Any CPU
		{DFC7EF38-A68A-403F-930B-5733658BB57B}.Release|x86.Build.0 = Release|Any CPU
		{DFC7EF38-A68A-403F-930B-5733658BB57B}.ReleaseBug|Any CPU.ActiveCfg = Debug|Any CPU
		{DFC7EF38-A68A-403F-930B-5733658BB57B}.ReleaseBug|Any CPU.Build.0 = Debug|Any CPU
		{DFC7EF38-A68A-403F-930B-5733658BB57B}.ReleaseBug|x64.ActiveCfg = Debug|Any CPU
		{DFC7EF38-A68A-403F-930B-5733658BB57B}.ReleaseBug|x64.Build.0 = Debug|Any CPU
		{DFC7EF38-A68A-403F-930B-5733658BB57B}.ReleaseBug|x86.ActiveCfg = Debug|Any CPU
		{DFC7EF38-A68A-403F-930B-5733658BB57B}.ReleaseBug|x86.Build.0 = Debug|Any CPU
		{EF7E76D4-130D-4B31-9467-67D490F3E13A}.Debug|Any CPU.ActiveCfg = Debug|Any CPU
		{EF7E76D4-130D-4B31-9467-67D490F3E13A}.Debug|Any CPU.Build.0 = Debug|Any CPU
		{EF7E76D4-130D-4B31-9467-67D490F3E13A}.Debug|x64.ActiveCfg = Debug|Any CPU
		{EF7E76D4-130D-4B31-9467-67D490F3E13A}.Debug|x64.Build.0 = Debug|Any CPU
		{EF7E76D4-130D-4B31-9467-67D490F3E13A}.Debug|x86.ActiveCfg = Debug|Any CPU
		{EF7E76D4-130D-4B31-9467-67D490F3E13A}.Debug|x86.Build.0 = Debug|Any CPU
		{EF7E76D4-130D-4B31-9467-67D490F3E13A}.Release|Any CPU.ActiveCfg = Release|Any CPU
		{EF7E76D4-130D-4B31-9467-67D490F3E13A}.Release|Any CPU.Build.0 = Release|Any CPU
		{EF7E76D4-130D-4B31-9467-67D490F3E13A}.Release|x64.ActiveCfg = Release|Any CPU
		{EF7E76D4-130D-4B31-9467-67D490F3E13A}.Release|x64.Build.0 = Release|Any CPU
		{EF7E76D4-130D-4B31-9467-67D490F3E13A}.Release|x86.ActiveCfg = Release|Any CPU
		{EF7E76D4-130D-4B31-9467-67D490F3E13A}.Release|x86.Build.0 = Release|Any CPU
		{EF7E76D4-130D-4B31-9467-67D490F3E13A}.ReleaseBug|Any CPU.ActiveCfg = Debug|Any CPU
		{EF7E76D4-130D-4B31-9467-67D490F3E13A}.ReleaseBug|Any CPU.Build.0 = Debug|Any CPU
		{EF7E76D4-130D-4B31-9467-67D490F3E13A}.ReleaseBug|x64.ActiveCfg = Debug|Any CPU
		{EF7E76D4-130D-4B31-9467-67D490F3E13A}.ReleaseBug|x64.Build.0 = Debug|Any CPU
		{EF7E76D4-130D-4B31-9467-67D490F3E13A}.ReleaseBug|x86.ActiveCfg = Debug|Any CPU
		{EF7E76D4-130D-4B31-9467-67D490F3E13A}.ReleaseBug|x86.Build.0 = Debug|Any CPU
		{EFCBBA6E-6895-4DBC-B5C0-B75DCE178548}.Debug|Any CPU.ActiveCfg = Debug|Any CPU
		{EFCBBA6E-6895-4DBC-B5C0-B75DCE178548}.Debug|Any CPU.Build.0 = Debug|Any CPU
		{EFCBBA6E-6895-4DBC-B5C0-B75DCE178548}.Debug|x64.ActiveCfg = Debug|Any CPU
		{EFCBBA6E-6895-4DBC-B5C0-B75DCE178548}.Debug|x64.Build.0 = Debug|Any CPU
		{EFCBBA6E-6895-4DBC-B5C0-B75DCE178548}.Debug|x86.ActiveCfg = Debug|Any CPU
		{EFCBBA6E-6895-4DBC-B5C0-B75DCE178548}.Debug|x86.Build.0 = Debug|Any CPU
		{EFCBBA6E-6895-4DBC-B5C0-B75DCE178548}.Release|Any CPU.ActiveCfg = Release|Any CPU
		{EFCBBA6E-6895-4DBC-B5C0-B75DCE178548}.Release|Any CPU.Build.0 = Release|Any CPU
		{EFCBBA6E-6895-4DBC-B5C0-B75DCE178548}.Release|x64.ActiveCfg = Release|Any CPU
		{EFCBBA6E-6895-4DBC-B5C0-B75DCE178548}.Release|x64.Build.0 = Release|Any CPU
		{EFCBBA6E-6895-4DBC-B5C0-B75DCE178548}.Release|x86.ActiveCfg = Release|Any CPU
		{EFCBBA6E-6895-4DBC-B5C0-B75DCE178548}.Release|x86.Build.0 = Release|Any CPU
		{EFCBBA6E-6895-4DBC-B5C0-B75DCE178548}.ReleaseBug|Any CPU.ActiveCfg = Debug|Any CPU
		{EFCBBA6E-6895-4DBC-B5C0-B75DCE178548}.ReleaseBug|Any CPU.Build.0 = Debug|Any CPU
		{EFCBBA6E-6895-4DBC-B5C0-B75DCE178548}.ReleaseBug|x64.ActiveCfg = Debug|Any CPU
		{EFCBBA6E-6895-4DBC-B5C0-B75DCE178548}.ReleaseBug|x64.Build.0 = Debug|Any CPU
		{EFCBBA6E-6895-4DBC-B5C0-B75DCE178548}.ReleaseBug|x86.ActiveCfg = Debug|Any CPU
		{EFCBBA6E-6895-4DBC-B5C0-B75DCE178548}.ReleaseBug|x86.Build.0 = Debug|Any CPU
		{54BC2198-BC34-40B9-8F48-82AC621084CB}.Debug|Any CPU.ActiveCfg = Debug|Any CPU
		{54BC2198-BC34-40B9-8F48-82AC621084CB}.Debug|Any CPU.Build.0 = Debug|Any CPU
		{54BC2198-BC34-40B9-8F48-82AC621084CB}.Debug|x64.ActiveCfg = Debug|Any CPU
		{54BC2198-BC34-40B9-8F48-82AC621084CB}.Debug|x64.Build.0 = Debug|Any CPU
		{54BC2198-BC34-40B9-8F48-82AC621084CB}.Debug|x86.ActiveCfg = Debug|Any CPU
		{54BC2198-BC34-40B9-8F48-82AC621084CB}.Debug|x86.Build.0 = Debug|Any CPU
		{54BC2198-BC34-40B9-8F48-82AC621084CB}.Release|Any CPU.ActiveCfg = Release|Any CPU
		{54BC2198-BC34-40B9-8F48-82AC621084CB}.Release|Any CPU.Build.0 = Release|Any CPU
		{54BC2198-BC34-40B9-8F48-82AC621084CB}.Release|x64.ActiveCfg = Release|Any CPU
		{54BC2198-BC34-40B9-8F48-82AC621084CB}.Release|x64.Build.0 = Release|Any CPU
		{54BC2198-BC34-40B9-8F48-82AC621084CB}.Release|x86.ActiveCfg = Release|Any CPU
		{54BC2198-BC34-40B9-8F48-82AC621084CB}.Release|x86.Build.0 = Release|Any CPU
		{54BC2198-BC34-40B9-8F48-82AC621084CB}.ReleaseBug|Any CPU.ActiveCfg = Debug|Any CPU
		{54BC2198-BC34-40B9-8F48-82AC621084CB}.ReleaseBug|Any CPU.Build.0 = Debug|Any CPU
		{54BC2198-BC34-40B9-8F48-82AC621084CB}.ReleaseBug|x64.ActiveCfg = Debug|Any CPU
		{54BC2198-BC34-40B9-8F48-82AC621084CB}.ReleaseBug|x64.Build.0 = Debug|Any CPU
		{54BC2198-BC34-40B9-8F48-82AC621084CB}.ReleaseBug|x86.ActiveCfg = Debug|Any CPU
		{54BC2198-BC34-40B9-8F48-82AC621084CB}.ReleaseBug|x86.Build.0 = Debug|Any CPU
		{ABCB6DA7-C256-42D2-A801-90C7A4A5601F}.Debug|Any CPU.ActiveCfg = Debug|Any CPU
		{ABCB6DA7-C256-42D2-A801-90C7A4A5601F}.Debug|Any CPU.Build.0 = Debug|Any CPU
		{ABCB6DA7-C256-42D2-A801-90C7A4A5601F}.Debug|x64.ActiveCfg = Debug|Any CPU
		{ABCB6DA7-C256-42D2-A801-90C7A4A5601F}.Debug|x64.Build.0 = Debug|Any CPU
		{ABCB6DA7-C256-42D2-A801-90C7A4A5601F}.Debug|x86.ActiveCfg = Debug|Any CPU
		{ABCB6DA7-C256-42D2-A801-90C7A4A5601F}.Debug|x86.Build.0 = Debug|Any CPU
		{ABCB6DA7-C256-42D2-A801-90C7A4A5601F}.Release|Any CPU.ActiveCfg = Release|Any CPU
		{ABCB6DA7-C256-42D2-A801-90C7A4A5601F}.Release|Any CPU.Build.0 = Release|Any CPU
		{ABCB6DA7-C256-42D2-A801-90C7A4A5601F}.Release|x64.ActiveCfg = Release|Any CPU
		{ABCB6DA7-C256-42D2-A801-90C7A4A5601F}.Release|x64.Build.0 = Release|Any CPU
		{ABCB6DA7-C256-42D2-A801-90C7A4A5601F}.Release|x86.ActiveCfg = Release|Any CPU
		{ABCB6DA7-C256-42D2-A801-90C7A4A5601F}.Release|x86.Build.0 = Release|Any CPU
		{ABCB6DA7-C256-42D2-A801-90C7A4A5601F}.ReleaseBug|Any CPU.ActiveCfg = Debug|Any CPU
		{ABCB6DA7-C256-42D2-A801-90C7A4A5601F}.ReleaseBug|Any CPU.Build.0 = Debug|Any CPU
		{ABCB6DA7-C256-42D2-A801-90C7A4A5601F}.ReleaseBug|x64.ActiveCfg = Debug|Any CPU
		{ABCB6DA7-C256-42D2-A801-90C7A4A5601F}.ReleaseBug|x64.Build.0 = Debug|Any CPU
		{ABCB6DA7-C256-42D2-A801-90C7A4A5601F}.ReleaseBug|x86.ActiveCfg = Debug|Any CPU
		{ABCB6DA7-C256-42D2-A801-90C7A4A5601F}.ReleaseBug|x86.Build.0 = Debug|Any CPU
		{BFC777A1-71B3-4857-AE75-C5A4187BCEA0}.Debug|Any CPU.ActiveCfg = Debug|Any CPU
		{BFC777A1-71B3-4857-AE75-C5A4187BCEA0}.Debug|Any CPU.Build.0 = Debug|Any CPU
		{BFC777A1-71B3-4857-AE75-C5A4187BCEA0}.Debug|x64.ActiveCfg = Debug|Any CPU
		{BFC777A1-71B3-4857-AE75-C5A4187BCEA0}.Debug|x64.Build.0 = Debug|Any CPU
		{BFC777A1-71B3-4857-AE75-C5A4187BCEA0}.Debug|x86.ActiveCfg = Debug|Any CPU
		{BFC777A1-71B3-4857-AE75-C5A4187BCEA0}.Debug|x86.Build.0 = Debug|Any CPU
		{BFC777A1-71B3-4857-AE75-C5A4187BCEA0}.Release|Any CPU.ActiveCfg = Release|Any CPU
		{BFC777A1-71B3-4857-AE75-C5A4187BCEA0}.Release|Any CPU.Build.0 = Release|Any CPU
		{BFC777A1-71B3-4857-AE75-C5A4187BCEA0}.Release|x64.ActiveCfg = Release|Any CPU
		{BFC777A1-71B3-4857-AE75-C5A4187BCEA0}.Release|x64.Build.0 = Release|Any CPU
		{BFC777A1-71B3-4857-AE75-C5A4187BCEA0}.Release|x86.ActiveCfg = Release|Any CPU
		{BFC777A1-71B3-4857-AE75-C5A4187BCEA0}.Release|x86.Build.0 = Release|Any CPU
		{BFC777A1-71B3-4857-AE75-C5A4187BCEA0}.ReleaseBug|Any CPU.ActiveCfg = Debug|Any CPU
		{BFC777A1-71B3-4857-AE75-C5A4187BCEA0}.ReleaseBug|Any CPU.Build.0 = Debug|Any CPU
		{BFC777A1-71B3-4857-AE75-C5A4187BCEA0}.ReleaseBug|x64.ActiveCfg = Debug|Any CPU
		{BFC777A1-71B3-4857-AE75-C5A4187BCEA0}.ReleaseBug|x64.Build.0 = Debug|Any CPU
		{BFC777A1-71B3-4857-AE75-C5A4187BCEA0}.ReleaseBug|x86.ActiveCfg = Debug|Any CPU
		{BFC777A1-71B3-4857-AE75-C5A4187BCEA0}.ReleaseBug|x86.Build.0 = Debug|Any CPU
		{D3073498-FE6E-4B37-95F5-799A2DEB0F5A}.Debug|Any CPU.ActiveCfg = Debug|Any CPU
		{D3073498-FE6E-4B37-95F5-799A2DEB0F5A}.Debug|Any CPU.Build.0 = Debug|Any CPU
		{D3073498-FE6E-4B37-95F5-799A2DEB0F5A}.Debug|x64.ActiveCfg = Debug|Any CPU
		{D3073498-FE6E-4B37-95F5-799A2DEB0F5A}.Debug|x64.Build.0 = Debug|Any CPU
		{D3073498-FE6E-4B37-95F5-799A2DEB0F5A}.Debug|x86.ActiveCfg = Debug|Any CPU
		{D3073498-FE6E-4B37-95F5-799A2DEB0F5A}.Debug|x86.Build.0 = Debug|Any CPU
		{D3073498-FE6E-4B37-95F5-799A2DEB0F5A}.Release|Any CPU.ActiveCfg = Release|Any CPU
		{D3073498-FE6E-4B37-95F5-799A2DEB0F5A}.Release|Any CPU.Build.0 = Release|Any CPU
		{D3073498-FE6E-4B37-95F5-799A2DEB0F5A}.Release|x64.ActiveCfg = Release|Any CPU
		{D3073498-FE6E-4B37-95F5-799A2DEB0F5A}.Release|x64.Build.0 = Release|Any CPU
		{D3073498-FE6E-4B37-95F5-799A2DEB0F5A}.Release|x86.ActiveCfg = Release|Any CPU
		{D3073498-FE6E-4B37-95F5-799A2DEB0F5A}.Release|x86.Build.0 = Release|Any CPU
		{D3073498-FE6E-4B37-95F5-799A2DEB0F5A}.ReleaseBug|Any CPU.ActiveCfg = Debug|Any CPU
		{D3073498-FE6E-4B37-95F5-799A2DEB0F5A}.ReleaseBug|Any CPU.Build.0 = Debug|Any CPU
		{D3073498-FE6E-4B37-95F5-799A2DEB0F5A}.ReleaseBug|x64.ActiveCfg = Debug|Any CPU
		{D3073498-FE6E-4B37-95F5-799A2DEB0F5A}.ReleaseBug|x64.Build.0 = Debug|Any CPU
		{D3073498-FE6E-4B37-95F5-799A2DEB0F5A}.ReleaseBug|x86.ActiveCfg = Debug|Any CPU
		{D3073498-FE6E-4B37-95F5-799A2DEB0F5A}.ReleaseBug|x86.Build.0 = Debug|Any CPU
	EndGlobalSection
	GlobalSection(SolutionProperties) = preSolution
		HideSolutionNode = FALSE
	EndGlobalSection
	GlobalSection(NestedProjects) = preSolution
		{8C7D0E67-CF9E-4CA5-A0A2-529958869D09} = {D9DFA490-6130-2AD2-A246-5E11713CDC7A}
		{93CDAD51-98E7-4F2B-AD51-DFC8AC3C4811} = {D9DFA490-6130-2AD2-A246-5E11713CDC7A}
		{E054E08E-B6BB-4492-A300-35238D9497A7} = {D9DFA490-6130-2AD2-A246-5E11713CDC7A}
		{27EBF4C6-06E8-45BA-A4A4-5007D0EF3867} = {D9DFA490-6130-2AD2-A246-5E11713CDC7A}
		{DFC7EF38-A68A-403F-930B-5733658BB57B} = {D9DFA490-6130-2AD2-A246-5E11713CDC7A}
		{EF7E76D4-130D-4B31-9467-67D490F3E13A} = {D9DFA490-6130-2AD2-A246-5E11713CDC7A}
		{EFCBBA6E-6895-4DBC-B5C0-B75DCE178548} = {D9DFA490-6130-2AD2-A246-5E11713CDC7A}
		{EA9BAA56-A66E-FC50-5F33-C4E0046498B0} = {D9DFA490-6130-2AD2-A246-5E11713CDC7A}
		{54BC2198-BC34-40B9-8F48-82AC621084CB} = {EA9BAA56-A66E-FC50-5F33-C4E0046498B0}
		{ABCB6DA7-C256-42D2-A801-90C7A4A5601F} = {D9DFA490-6130-2AD2-A246-5E11713CDC7A}
		{BFC777A1-71B3-4857-AE75-C5A4187BCEA0} = {D9DFA490-6130-2AD2-A246-5E11713CDC7A}
		{D3073498-FE6E-4B37-95F5-799A2DEB0F5A} = {D9DFA490-6130-2AD2-A246-5E11713CDC7A}
	EndGlobalSection
	GlobalSection(ExtensibilityGlobals) = postSolution
		SolutionGuid = {91922CB2-A03F-4F0E-98F4-6D14DC11C09B}
	EndGlobalSection
EndGlobal
